
Microsoft Visual Studio Solution File, Format Version 12.00
# Visual Studio Version 16
VisualStudioVersion = 25.0.1706.4
MinimumVisualStudioVersion = 10.0.40219.1
Project("{FAE04EC0-301F-11D3-BF4B-00C04F79EFBC}") = "Costoda.CRM.MacOS", "Costoda.CRM.MacOS\Costoda.CRM.MacOS.csproj", "{9B6E9FF4-9A72-4CFE-9185-50B6F27DF5A2}"
EndProject
Project("{FAE04EC0-301F-11D3-BF4B-00C04F79EFBC}") = "Costoda.CRM.Lib", "Costoda.CRM.Lib\Costoda.CRM.Lib.csproj", "{DF287D45-C0FB-4CC4-B656-F15F2A25280F}"
EndProject
Global
	GlobalSection(SolutionConfigurationPlatforms) = preSolution
		Debug|Any CPU = Debug|Any CPU
		Release|Any CPU = Release|Any CPU
	EndGlobalSection
	GlobalSection(ProjectConfigurationPlatforms) = postSolution
		{9B6E9FF4-9A72-4CFE-9185-50B6F27DF5A2}.Debug|Any CPU.ActiveCfg = Debug|Any CPU
		{9B6E9FF4-9A72-4CFE-9185-50B6F27DF5A2}.Debug|Any CPU.Build.0 = Debug|Any CPU
		{9B6E9FF4-9A72-4CFE-9185-50B6F27DF5A2}.Release|Any CPU.ActiveCfg = Release|Any CPU
		{9B6E9FF4-9A72-4CFE-9185-50B6F27DF5A2}.Release|Any CPU.Build.0 = Release|Any CPU
		{DF287D45-C0FB-4CC4-B656-F15F2A25280F}.Debug|Any CPU.ActiveCfg = Debug|Any CPU
		{DF287D45-C0FB-4CC4-B656-F15F2A25280F}.Debug|Any CPU.Build.0 = Debug|Any CPU
		{DF287D45-C0FB-4CC4-B656-F15F2A25280F}.Release|Any CPU.ActiveCfg = Release|Any CPU
		{DF287D45-C0FB-4CC4-B656-F15F2A25280F}.Release|Any CPU.Build.0 = Release|Any CPU
	EndGlobalSection
	GlobalSection(SolutionProperties) = preSolution
		HideSolutionNode = FALSE
	EndGlobalSection
	GlobalSection(ExtensibilityGlobals) = postSolution
		SolutionGuid = {A7D483A4-C730-41CE-A01F-E7B06293693C}
	EndGlobalSection
EndGlobal
